
Microsoft Visual Studio Solution File, Format Version 12.00
# Visual Studio 14
VisualStudioVersion = 14.0.25420.1
MinimumVisualStudioVersion = 10.0.40219.1
Project("{FAE04EC0-301F-11D3-BF4B-00C04F79EFBC}") = "CRUDUsingWebApi", "CRUDUsingWebApi\CRUDUsingWebApi.csproj", "{8D9C91DD-158B-4B27-85A9-A427F9744DAE}"
EndProject
Project("{FAE04EC0-301F-11D3-BF4B-00C04F79EFBC}") = "CRUDUsingWebApi.Tests", "CRUDUsingWebApi.Tests\CRUDUsingWebApi.Tests.csproj", "{DA7853DC-E749-458B-8D20-6D5FBF1FB6C8}"
EndProject
Project("{FAE04EC0-301F-11D3-BF4B-00C04F79EFBC}") = "TestForValidation", "TestForValidation\TestForValidation.csproj", "{CACCB8E6-29FD-46F7-BEFE-5EEAEEB2C6E3}"
EndProject
Global
	GlobalSection(SolutionConfigurationPlatforms) = preSolution
		Debug|Any CPU = Debug|Any CPU
		Release|Any CPU = Release|Any CPU
	EndGlobalSection
	GlobalSection(ProjectConfigurationPlatforms) = postSolution
		{8D9C91DD-158B-4B27-85A9-A427F9744DAE}.Debug|Any CPU.ActiveCfg = Debug|Any CPU
		{8D9C91DD-158B-4B27-85A9-A427F9744DAE}.Debug|Any CPU.Build.0 = Debug|Any CPU
		{8D9C91DD-158B-4B27-85A9-A427F9744DAE}.Release|Any CPU.ActiveCfg = Release|Any CPU
		{8D9C91DD-158B-4B27-85A9-A427F9744DAE}.Release|Any CPU.Build.0 = Release|Any CPU
		{DA7853DC-E749-458B-8D20-6D5FBF1FB6C8}.Debug|Any CPU.ActiveCfg = Debug|Any CPU
		{DA7853DC-E749-458B-8D20-6D5FBF1FB6C8}.Debug|Any CPU.Build.0 = Debug|Any CPU
		{DA7853DC-E749-458B-8D20-6D5FBF1FB6C8}.Release|Any CPU.ActiveCfg = Release|Any CPU
		{DA7853DC-E749-458B-8D20-6D5FBF1FB6C8}.Release|Any CPU.Build.0 = Release|Any CPU
		{CACCB8E6-29FD-46F7-BEFE-5EEAEEB2C6E3}.Debug|Any CPU.ActiveCfg = Debug|Any CPU
		{CACCB8E6-29FD-46F7-BEFE-5EEAEEB2C6E3}.Debug|Any CPU.Build.0 = Debug|Any CPU
		{CACCB8E6-29FD-46F7-BEFE-5EEAEEB2C6E3}.Release|Any CPU.ActiveCfg = Release|Any CPU
		{CACCB8E6-29FD-46F7-BEFE-5EEAEEB2C6E3}.Release|Any CPU.Build.0 = Release|Any CPU
	EndGlobalSection
	GlobalSection(SolutionProperties) = preSolution
		HideSolutionNode = FALSE
	EndGlobalSection
EndGlobal
